
Microsoft Visual Studio Solution File, Format Version 12.00
# Visual Studio Version 17
VisualStudioVersion = 17.8.34525.116
MinimumVisualStudioVersion = 10.0.40219.1
Project("{FAE04EC0-301F-11D3-BF4B-00C04F79EFBC}") = "minecraftSounds", "minecraftSounds\minecraftSounds.csproj", "{EA2C86CA-00B9-42D9-866A-C595FD14F982}"
EndProject
Global
	GlobalSection(SolutionConfigurationPlatforms) = preSolution
		Debug|Any CPU = Debug|Any CPU
		Release|Any CPU = Release|Any CPU
	EndGlobalSection
	GlobalSection(ProjectConfigurationPlatforms) = postSolution
		{EA2C86CA-00B9-42D9-866A-C595FD14F982}.Debug|Any CPU.ActiveCfg = Debug|Any CPU
		{EA2C86CA-00B9-42D9-866A-C595FD14F982}.Debug|Any CPU.Build.0 = Debug|Any CPU
		{EA2C86CA-00B9-42D9-866A-C595FD14F982}.Release|Any CPU.ActiveCfg = Release|Any CPU
		{EA2C86CA-00B9-42D9-866A-C595FD14F982}.Release|Any CPU.Build.0 = Release|Any CPU
	EndGlobalSection
	GlobalSection(SolutionProperties) = preSolution
		HideSolutionNode = FALSE
	EndGlobalSection
	GlobalSection(ExtensibilityGlobals) = postSolution
		SolutionGuid = {C9329EC4-DFB4-438B-BDDD-5FF3E254DE8A}
	EndGlobalSection
EndGlobal
