
Microsoft Visual Studio Solution File, Format Version 12.00
# Visual Studio Version 17
VisualStudioVersion = 17.3.32929.385
MinimumVisualStudioVersion = 10.0.40219.1
Project("{FAE04EC0-301F-11D3-BF4B-00C04F79EFBC}") = "MoodLightOne", "MoodLightOne\MoodLightOne.csproj", "{80E54686-546C-4975-8E54-D831B21E581C}"
EndProject
Global
	GlobalSection(SolutionConfigurationPlatforms) = preSolution
		Debug|Any CPU = Debug|Any CPU
		Release|Any CPU = Release|Any CPU
	EndGlobalSection
	GlobalSection(ProjectConfigurationPlatforms) = postSolution
		{80E54686-546C-4975-8E54-D831B21E581C}.Debug|Any CPU.ActiveCfg = Debug|Any CPU
		{80E54686-546C-4975-8E54-D831B21E581C}.Debug|Any CPU.Build.0 = Debug|Any CPU
		{80E54686-546C-4975-8E54-D831B21E581C}.Release|Any CPU.ActiveCfg = Release|Any CPU
		{80E54686-546C-4975-8E54-D831B21E581C}.Release|Any CPU.Build.0 = Release|Any CPU
	EndGlobalSection
	GlobalSection(SolutionProperties) = preSolution
		HideSolutionNode = FALSE
	EndGlobalSection
	GlobalSection(ExtensibilityGlobals) = postSolution
		SolutionGuid = {DB6D6BD8-701D-46AD-A24B-29AF03A1C8CC}
	EndGlobalSection
EndGlobal
