
Microsoft Visual Studio Solution File, Format Version 12.00
# Visual Studio Version 17
VisualStudioVersion = 17.8.34525.116
MinimumVisualStudioVersion = 10.0.40219.1
Project("{FAE04EC0-301F-11D3-BF4B-00C04F79EFBC}") = "flap", "flap\flap.csproj", "{9615D0F6-E859-4799-A577-EF0648908745}"
EndProject
Global
	GlobalSection(SolutionConfigurationPlatforms) = preSolution
		Debug|Any CPU = Debug|Any CPU
		Release|Any CPU = Release|Any CPU
	EndGlobalSection
	GlobalSection(ProjectConfigurationPlatforms) = postSolution
		{9615D0F6-E859-4799-A577-EF0648908745}.Debug|Any CPU.ActiveCfg = Debug|Any CPU
		{9615D0F6-E859-4799-A577-EF0648908745}.Debug|Any CPU.Build.0 = Debug|Any CPU
		{9615D0F6-E859-4799-A577-EF0648908745}.Release|Any CPU.ActiveCfg = Release|Any CPU
		{9615D0F6-E859-4799-A577-EF0648908745}.Release|Any CPU.Build.0 = Release|Any CPU
	EndGlobalSection
	GlobalSection(SolutionProperties) = preSolution
		HideSolutionNode = FALSE
	EndGlobalSection
	GlobalSection(ExtensibilityGlobals) = postSolution
		SolutionGuid = {2B8CF86B-F3C6-4C45-8D41-51C7E858E098}
	EndGlobalSection
EndGlobal
